# THIS IS AN AUTOGENERATED FILE. DO NOT EDIT THIS FILE DIRECTLY.
# yarn lockfile v1


"@d-fischer/cache-decorators@^3.0.0":
  version "3.0.0"
  resolved "https://registry.yarnpkg.com/@d-fischer/cache-decorators/-/cache-decorators-3.0.0.tgz#6456c3f8c74c4dd22d80faa7985d4efff6d2ff77"
  integrity sha512-mYUCjrp5hJgimceC5bof3zzmElyxzW4ty+73IjY12wvxLAqsq0CbgLGspnJm6KgwEfGoeRnISZD4EXJidG3FvA==
  dependencies:
    "@d-fischer/shared-utils" "^3.0.1"
    "@types/node" "^14.14.22"
    tslib "^2.1.0"

"@d-fischer/shared-utils@^3.0.1":
  version "3.2.0"
  resolved "https://registry.yarnpkg.com/@d-fischer/shared-utils/-/shared-utils-3.2.0.tgz#4e2fd8aca396707d217375c59ca6a7c6cf3b1ff8"
  integrity sha512-YgAPpd0jxtchZlEqvVmL21A+/Ottx5759s6THiJs0o5+8pPIrshBlULhmfunbaidHmViuUhjxzZfqRkYl0MR9g==
  dependencies:
    "@types/node" "^14.11.2"
    tslib "^2.0.3"

"@types/node@^14.11.2", "@types/node@^14.14.22":
  version "14.17.8"
  resolved "https://registry.yarnpkg.com/@types/node/-/node-14.17.8.tgz#813b73ab7d82ac06ddfd2458b13c88459a3b319f"
  integrity sha512-0CHLt50GbUmH/6MrlBIKNdWCglvlyQKkorRf08/0DIi0ryuTPP+ijWLSI19SbDTHSKaagGDELiImY4BSikt61w==

"@types/node@^16.4.11":
  version "16.4.11"
  resolved "https://registry.yarnpkg.com/@types/node/-/node-16.4.11.tgz#245030af802c776c31f00eb0cdde40ee615db462"
  integrity sha512-nWSFUbuNiPKJEe1IViuodSI+9cM+vpM8SWF/O6dJK7wmGRNq55U7XavJHrlRrPkSMuUZUFzg1xaZ1B+ZZCrRWw==

axios@^0.21.1:
  version "0.21.1"
  resolved "https://registry.yarnpkg.com/axios/-/axios-0.21.1.tgz#22563481962f4d6bde9a76d516ef0e5d3c09b2b8"
  integrity sha512-dKQiRHxGD9PPRIUNIWvZhPTPpl1rf/OxTYKsqKUDjBwYylTvV7SjSHJb9ratfyzM6wCdLCOYLzs73qpg5c4iGA==
  dependencies:
    follow-redirects "^1.10.0"

decode-uri-component@^0.2.0:
  version "0.2.0"
  resolved "https://registry.yarnpkg.com/decode-uri-component/-/decode-uri-component-0.2.0.tgz#eb3913333458775cb84cd1a1fae062106bb87545"
  integrity sha1-6zkTMzRYd1y4TNGh+uBiEGu4dUU=

filter-obj@^1.1.0:
  version "1.1.0"
  resolved "https://registry.yarnpkg.com/filter-obj/-/filter-obj-1.1.0.tgz#9b311112bc6c6127a16e016c6c5d7f19e0805c5b"
  integrity sha1-mzERErxsYSehbgFsbF1/GeCAXFs=

follow-redirects@^1.10.0:
  version "1.14.1"
  resolved "https://registry.yarnpkg.com/follow-redirects/-/follow-redirects-1.14.1.tgz#d9114ded0a1cfdd334e164e6662ad02bfd91ff43"
  integrity sha512-HWqDgT7ZEkqRzBvc2s64vSZ/hfOceEol3ac/7tKwzuvEyWx3/4UegXh5oBOIotkGsObyk3xznnSRVADBgWSQVg==

query-string@^7.0.1:
  version "7.0.1"
  resolved "https://registry.yarnpkg.com/query-string/-/query-string-7.0.1.tgz#45bd149cf586aaa582dffc7ec7a8ad97dd02f75d"
  integrity sha512-uIw3iRvHnk9to1blJCG3BTc+Ro56CBowJXKmNNAm3RulvPBzWLRqKSiiDk+IplJhsydwtuNMHi8UGQFcCLVfkA==
  dependencies:
    decode-uri-component "^0.2.0"
    filter-obj "^1.1.0"
    split-on-first "^1.0.0"
    strict-uri-encode "^2.0.0"

split-on-first@^1.0.0:
  version "1.1.0"
  resolved "https://registry.yarnpkg.com/split-on-first/-/split-on-first-1.1.0.tgz#f610afeee3b12bce1d0c30425e76398b78249a5f"
  integrity sha512-43ZssAJaMusuKWL8sKUBQXHWOpq8d6CfN/u1p4gUzfJkM05C8rxTmYrkIPTXapZpORA6LkkzcUulJ8FqA7Uudw==

strict-uri-encode@^2.0.0:
  version "2.0.0"
  resolved "https://registry.yarnpkg.com/strict-uri-encode/-/strict-uri-encode-2.0.0.tgz#b9c7330c7042862f6b142dc274bbcc5866ce3546"
  integrity sha1-ucczDHBChi9rFC3CdLvMWGbONUY=

tslib@^2.0.3, tslib@^2.1.0:
  version "2.3.0"
  resolved "https://registry.yarnpkg.com/tslib/-/tslib-2.3.0.tgz#803b8cdab3e12ba581a4ca41c8839bbb0dacb09e"
  integrity sha512-N82ooyxVNm6h1riLCoyS9e3fuJ3AMG2zIZs2Gd1ATcSFjSA23Q0fzjjZeh0jbJvWVDZ0cJT8yaNNaaXHzueNjg==

typescript@^4.3.5:
  version "4.3.5"
  resolved "https://registry.yarnpkg.com/typescript/-/typescript-4.3.5.tgz#4d1c37cc16e893973c45a06886b7113234f119f4"
  integrity sha512-DqQgihaQ9cUrskJo9kIyW/+g0Vxsk8cDtZ52a3NGh0YNTfpUSArXSohyUGnvbPazEPLu398C0UxmKSOrPumUzA==
